
Microsoft Visual Studio Solution File, Format Version 12.00
# Visual Studio Version 17
VisualStudioVersion = 17.2.32526.322
MinimumVisualStudioVersion = 10.0.40219.1
Project("{FAE04EC0-301F-11D3-BF4B-00C04F79EFBC}") = "aviso_tip", "aviso_tip\aviso_tip.csproj", "{7E14B264-CA6B-4E36-ABC4-2870CBCD208C}"
EndProject
Global
	GlobalSection(SolutionConfigurationPlatforms) = preSolution
		Debug|Any CPU = Debug|Any CPU
		Release|Any CPU = Release|Any CPU
	EndGlobalSection
	GlobalSection(ProjectConfigurationPlatforms) = postSolution
		{7E14B264-CA6B-4E36-ABC4-2870CBCD208C}.Debug|Any CPU.ActiveCfg = Debug|Any CPU
		{7E14B264-CA6B-4E36-ABC4-2870CBCD208C}.Debug|Any CPU.Build.0 = Debug|Any CPU
		{7E14B264-CA6B-4E36-ABC4-2870CBCD208C}.Release|Any CPU.ActiveCfg = Release|Any CPU
		{7E14B264-CA6B-4E36-ABC4-2870CBCD208C}.Release|Any CPU.Build.0 = Release|Any CPU
	EndGlobalSection
	GlobalSection(SolutionProperties) = preSolution
		HideSolutionNode = FALSE
	EndGlobalSection
	GlobalSection(ExtensibilityGlobals) = postSolution
		SolutionGuid = {B2D3DDE0-D90F-4397-B6D5-24D513E10091}
	EndGlobalSection
EndGlobal
